
Microsoft Visual Studio Solution File, Format Version 12.00
# Visual Studio 2013
VisualStudioVersion = 12.0.30723.0
MinimumVisualStudioVersion = 10.0.40219.1
Project("{FAE04EC0-301F-11D3-BF4B-00C04F79EFBC}") = "AZ_Cloud", "AZ_Cloud\AZ_Cloud.csproj", "{B73FD2ED-EA60-43E4-8A61-8EB63F570C38}"
EndProject
Project("{FAE04EC0-301F-11D3-BF4B-00C04F79EFBC}") = "BusinessLayer", "BusinessLayer\BusinessLayer.csproj", "{BD686193-9E51-4C74-A155-FE5E08B067CC}"
EndProject
Global
	GlobalSection(SolutionConfigurationPlatforms) = preSolution
		Debug|Any CPU = Debug|Any CPU
		Release|Any CPU = Release|Any CPU
	EndGlobalSection
	GlobalSection(ProjectConfigurationPlatforms) = postSolution
		{B73FD2ED-EA60-43E4-8A61-8EB63F570C38}.Debug|Any CPU.ActiveCfg = Debug|Any CPU
		{B73FD2ED-EA60-43E4-8A61-8EB63F570C38}.Debug|Any CPU.Build.0 = Debug|Any CPU
		{B73FD2ED-EA60-43E4-8A61-8EB63F570C38}.Release|Any CPU.ActiveCfg = Release|Any CPU
		{B73FD2ED-EA60-43E4-8A61-8EB63F570C38}.Release|Any CPU.Build.0 = Release|Any CPU
		{BD686193-9E51-4C74-A155-FE5E08B067CC}.Debug|Any CPU.ActiveCfg = Debug|Any CPU
		{BD686193-9E51-4C74-A155-FE5E08B067CC}.Debug|Any CPU.Build.0 = Debug|Any CPU
		{BD686193-9E51-4C74-A155-FE5E08B067CC}.Release|Any CPU.ActiveCfg = Release|Any CPU
		{BD686193-9E51-4C74-A155-FE5E08B067CC}.Release|Any CPU.Build.0 = Release|Any CPU
	EndGlobalSection
	GlobalSection(SolutionProperties) = preSolution
		HideSolutionNode = FALSE
	EndGlobalSection
EndGlobal
